{
  "requires": true,
  "lockfileVersion": 1,
  "dependencies": {
    "truffle": {
      "version": "file:truffle",
      "requires": {
        "@openzeppelin/contracts": "^4.0.0"
      },
      "dependencies": {
        "@openzeppelin/contracts": {
          "version": "4.0.0",
          "bundled": true
        }
      }
    }
  }
}
